# generated by rye
# use `rye lock` or `rye sync` to update this lockfile
#
# last locked with the following flags:
#   pre: false
#   features: []
#   all-features: false
#   with-sources: false

-e file:.
actus==0.4.0
    # via fabricate
colex==0.1.0
    # via actus
pyperclip==1.8.2
    # via fabricate
